
Microsoft Visual Studio Solution File, Format Version 12.00
# Visual Studio 15
VisualStudioVersion = 15.0.27004.2005
MinimumVisualStudioVersion = 10.0.40219.1
Project("{FAE04EC0-301F-11D3-BF4B-00C04F79EFBC}") = "RpgMakerEncoder", "RpgMakerEncoder\RpgMakerEncoder.csproj", "{31F0B781-8032-4443-8E8F-BB7CC4E6749B}"
EndProject
Project("{FAE04EC0-301F-11D3-BF4B-00C04F79EFBC}") = "RpgMakerEncoder.UnitTests", "RpgMakerEncoder.UnitTests\RpgMakerEncoder.UnitTests.csproj", "{C345D112-D91B-4CF1-B913-C942651C822A}"
EndProject
Global
	GlobalSection(SolutionConfigurationPlatforms) = preSolution
		Debug|Any CPU = Debug|Any CPU
		Release|Any CPU = Release|Any CPU
	EndGlobalSection
	GlobalSection(ProjectConfigurationPlatforms) = postSolution
		{31F0B781-8032-4443-8E8F-BB7CC4E6749B}.Debug|Any CPU.ActiveCfg = Debug|Any CPU
		{31F0B781-8032-4443-8E8F-BB7CC4E6749B}.Debug|Any CPU.Build.0 = Debug|Any CPU
		{31F0B781-8032-4443-8E8F-BB7CC4E6749B}.Release|Any CPU.ActiveCfg = Release|Any CPU
		{31F0B781-8032-4443-8E8F-BB7CC4E6749B}.Release|Any CPU.Build.0 = Release|Any CPU
		{C345D112-D91B-4CF1-B913-C942651C822A}.Debug|Any CPU.ActiveCfg = Debug|Any CPU
		{C345D112-D91B-4CF1-B913-C942651C822A}.Debug|Any CPU.Build.0 = Debug|Any CPU
		{C345D112-D91B-4CF1-B913-C942651C822A}.Release|Any CPU.ActiveCfg = Release|Any CPU
		{C345D112-D91B-4CF1-B913-C942651C822A}.Release|Any CPU.Build.0 = Release|Any CPU
	EndGlobalSection
	GlobalSection(SolutionProperties) = preSolution
		HideSolutionNode = FALSE
	EndGlobalSection
	GlobalSection(ExtensibilityGlobals) = postSolution
		SolutionGuid = {D312CF0E-6DB7-4443-82F9-055972B17C11}
	EndGlobalSection
EndGlobal
